// !$*UTF8*$!
{
	archiveVersion = 1;
	classes = {
	};
	objectVersion = 50;
	objects = {

/* Begin PBXBuildFile section */
		4AC163E824A87015000767F3 /* AppDelegate.m in Sources */ = {isa = PBXBuildFile; fileRef = 4AC163E724A87015000767F3 /* AppDelegate.m */; };
		4AC163EB24A87015000767F3 /* SceneDelegate.m in Sources */ = {isa = PBXBuildFile; fileRef = 4AC163EA24A87015000767F3 /* SceneDelegate.m */; };
		4AC163EE24A87015000767F3 /* ViewController.m in Sources */ = {isa = PBXBuildFile; fileRef = 4AC163ED24A87015000767F3 /* ViewController.m */; };
		4AC163F124A87015000767F3 /* Main.storyboard in Resources */ = {isa = PBXBuildFile; fileRef = 4AC163EF24A87015000767F3 /* Main.storyboard */; };
		4AC163F324A87016000767F3 /* Assets.xcassets in Resources */ = {isa = PBXBuildFile; fileRef = 4AC163F224A87016000767F3 /* Assets.xcassets */; };
		4AC163F624A87016000767F3 /* LaunchScreen.storyboard in Resources */ = {isa = PBXBuildFile; fileRef = 4AC163F424A87016000767F3 /* LaunchScreen.storyboard */; };
		4AC163F924A87016000767F3 /* main.m in Sources */ = {isa = PBXBuildFile; fileRef = 4AC163F824A87016000767F3 /* main.m */; };
		4AC1640324A87016000767F3 /* HYHActivityIndicatorViewTests.m in Sources */ = {isa = PBXBuildFile; fileRef = 4AC1640224A87016000767F3 /* HYHActivityIndicatorViewTests.m */; };
		4AC1640E24A87016000767F3 /* HYHActivityIndicatorViewUITests.m in Sources */ = {isa = PBXBuildFile; fileRef = 4AC1640D24A87016000767F3 /* HYHActivityIndicatorViewUITests.m */; };
/* End PBXBuildFile section */

/* Begin PBXContainerItemProxy section */
		4AC163FF24A87016000767F3 /* PBXContainerItemProxy */ = {
			isa = PBXContainerItemProxy;
			containerPortal = 4AC163DB24A87014000767F3 /* Project object */;
			proxyType = 1;
			remoteGlobalIDString = 4AC163E224A87014000767F3;
			remoteInfo = HYHActivityIndicatorView;
		};
		4AC1640A24A87016000767F3 /* PBXContainerItemProxy */ = {
			isa = PBXContainerItemProxy;
			containerPortal = 4AC163DB24A87014000767F3 /* Project object */;
			proxyType = 1;
			remoteGlobalIDString = 4AC163E224A87014000767F3;
			remoteInfo = HYHActivityIndicatorView;
		};
/* End PBXContainerItemProxy section */

/* Begin PBXFileReference section */
		4AC163E324A87015000767F3 /* HYHActivityIndicatorView.app */ = {isa = PBXFileReference; explicitFileType = wrapper.application; includeInIndex = 0; path = HYHActivityIndicatorView.app; sourceTree = BUILT_PRODUCTS_DIR; };
		4AC163E624A87015000767F3 /* AppDelegate.h */ = {isa = PBXFileReference; lastKnownFileType = sourcecode.c.h; path = AppDelegate.h; sourceTree = "<group>"; };
		4AC163E724A87015000767F3 /* AppDelegate.m */ = {isa = PBXFileReference; lastKnownFileType = sourcecode.c.objc; path = AppDelegate.m; sourceTree = "<group>"; };
		4AC163E924A87015000767F3 /* SceneDelegate.h */ = {isa = PBXFileReference; lastKnownFileType = sourcecode.c.h; path = SceneDelegate.h; sourceTree = "<group>"; };
		4AC163EA24A87015000767F3 /* SceneDelegate.m */ = {isa = PBXFileReference; lastKnownFileType = sourcecode.c.objc; path = SceneDelegate.m; sourceTree = "<group>"; };
		4AC163EC24A87015000767F3 /* ViewController.h */ = {isa = PBXFileReference; lastKnownFileType = sourcecode.c.h; path = ViewController.h; sourceTree = "<group>"; };
		4AC163ED24A87015000767F3 /* ViewController.m */ = {isa = PBXFileReference; lastKnownFileType = sourcecode.c.objc; path = ViewController.m; sourceTree = "<group>"; };
		4AC163F024A87015000767F3 /* Base */ = {isa = PBXFileReference; lastKnownFileType = file.storyboard; name = Base; path = Base.lproj/Main.storyboard; sourceTree = "<group>"; };
		4AC163F224A87016000767F3 /* Assets.xcassets */ = {isa = PBXFileReference; lastKnownFileType = folder.assetcatalog; path = Assets.xcassets; sourceTree = "<group>"; };
		4AC163F524A87016000767F3 /* Base */ = {isa = PBXFileReference; lastKnownFileType = file.storyboard; name = Base; path = Base.lproj/LaunchScreen.storyboard; sourceTree = "<group>"; };
		4AC163F724A87016000767F3 /* Info.plist */ = {isa = PBXFileReference; lastKnownFileType = text.plist.xml; path = Info.plist; sourceTree = "<group>"; };
		4AC163F824A87016000767F3 /* main.m */ = {isa = PBXFileReference; lastKnownFileType = sourcecode.c.objc; path = main.m; sourceTree = "<group>"; };
		4AC163FE24A87016000767F3 /* HYHActivityIndicatorViewTests.xctest */ = {isa = PBXFileReference; explicitFileType = wrapper.cfbundle; includeInIndex = 0; path = HYHActivityIndicatorViewTests.xctest; sourceTree = BUILT_PRODUCTS_DIR; };
		4AC1640224A87016000767F3 /* HYHActivityIndicatorViewTests.m */ = {isa = PBXFileReference; lastKnownFileType = sourcecode.c.objc; path = HYHActivityIndicatorViewTests.m; sourceTree = "<group>"; };
		4AC1640424A87016000767F3 /* Info.plist */ = {isa = PBXFileReference; lastKnownFileType = text.plist.xml; path = Info.plist; sourceTree = "<group>"; };
		4AC1640924A87016000767F3 /* HYHActivityIndicatorViewUITests.xctest */ = {isa = PBXFileReference; explicitFileType = wrapper.cfbundle; includeInIndex = 0; path = HYHActivityIndicatorViewUITests.xctest; sourceTree = BUILT_PRODUCTS_DIR; };
		4AC1640D24A87016000767F3 /* HYHActivityIndicatorViewUITests.m */ = {isa = PBXFileReference; lastKnownFileType = sourcecode.c.objc; path = HYHActivityIndicatorViewUITests.m; sourceTree = "<group>"; };
		4AC1640F24A87016000767F3 /* Info.plist */ = {isa = PBXFileReference; lastKnownFileType = text.plist.xml; path = Info.plist; sourceTree = "<group>"; };
/* End PBXFileReference section */

/* Begin PBXFrameworksBuildPhase section */
		4AC163E024A87014000767F3 /* Frameworks */ = {
			isa = PBXFrameworksBuildPhase;
			buildActionMask = 2147483647;
			files = (
			);
			runOnlyForDeploymentPostprocessing = 0;
		};
		4AC163FB24A87016000767F3 /* Frameworks */ = {
			isa = PBXFrameworksBuildPhase;
			buildActionMask = 2147483647;
			files = (
			);
			runOnlyForDeploymentPostprocessing = 0;
		};
		4AC1640624A87016000767F3 /* Frameworks */ = {
			isa = PBXFrameworksBuildPhase;
			buildActionMask = 2147483647;
			files = (
			);
			runOnlyForDeploymentPostprocessing = 0;
		};
/* End PBXFrameworksBuildPhase section */

/* Begin PBXGroup section */
		4AC163DA24A87014000767F3 = {
			isa = PBXGroup;
			children = (
				4AC163E524A87015000767F3 /* HYHActivityIndicatorView */,
				4AC1640124A87016000767F3 /* HYHActivityIndicatorViewTests */,
				4AC1640C24A87016000767F3 /* HYHActivityIndicatorViewUITests */,
				4AC163E424A87015000767F3 /* Products */,
			);
			sourceTree = "<group>";
		};
		4AC163E424A87015000767F3 /* Products */ = {
			isa = PBXGroup;
			children = (
				4AC163E324A87015000767F3 /* HYHActivityIndicatorView.app */,
				4AC163FE24A87016000767F3 /* HYHActivityIndicatorViewTests.xctest */,
				4AC1640924A87016000767F3 /* HYHActivityIndicatorViewUITests.xctest */,
			);
			name = Products;
			sourceTree = "<group>";
		};
		4AC163E524A87015000767F3 /* HYHActivityIndicatorView */ = {
			isa = PBXGroup;
			children = (
				4AC163E624A87015000767F3 /* AppDelegate.h */,
				4AC163E724A87015000767F3 /* AppDelegate.m */,
				4AC163E924A87015000767F3 /* SceneDelegate.h */,
				4AC163EA24A87015000767F3 /* SceneDelegate.m */,
				4AC163EC24A87015000767F3 /* ViewController.h */,
				4AC163ED24A87015000767F3 /* ViewController.m */,
				4AC163EF24A87015000767F3 /* Main.storyboard */,
				4AC163F224A87016000767F3 /* Assets.xcassets */,
				4AC163F424A87016000767F3 /* LaunchScreen.storyboard */,
				4AC163F724A87016000767F3 /* Info.plist */,
				4AC163F824A87016000767F3 /* main.m */,
			);
			path = HYHActivityIndicatorView;
			sourceTree = "<group>";
		};
		4AC1640124A87016000767F3 /* HYHActivityIndicatorViewTests */ = {
			isa = PBXGroup;
			children = (
				4AC1640224A87016000767F3 /* HYHActivityIndicatorViewTests.m */,
				4AC1640424A87016000767F3 /* Info.plist */,
			);
			path = HYHActivityIndicatorViewTests;
			sourceTree = "<group>";
		};
		4AC1640C24A87016000767F3 /* HYHActivityIndicatorViewUITests */ = {
			isa = PBXGroup;
			children = (
				4AC1640D24A87016000767F3 /* HYHActivityIndicatorViewUITests.m */,
				4AC1640F24A87016000767F3 /* Info.plist */,
			);
			path = HYHActivityIndicatorViewUITests;
			sourceTree = "<group>";
		};
/* End PBXGroup section */

/* Begin PBXNativeTarget section */
		4AC163E224A87014000767F3 /* HYHActivityIndicatorView */ = {
			isa = PBXNativeTarget;
			buildConfigurationList = 4AC1641224A87016000767F3 /* Build configuration list for PBXNativeTarget "HYHActivityIndicatorView" */;
			buildPhases = (
				4AC163DF24A87014000767F3 /* Sources */,
				4AC163E024A87014000767F3 /* Frameworks */,
				4AC163E124A87014000767F3 /* Resources */,
			);
			buildRules = (
			);
			dependencies = (
			);
			name = HYHActivityIndicatorView;
			productName = HYHActivityIndicatorView;
			productReference = 4AC163E324A87015000767F3 /* HYHActivityIndicatorView.app */;
			productType = "com.apple.product-type.application";
		};
		4AC163FD24A87016000767F3 /* HYHActivityIndicatorViewTests */ = {
			isa = PBXNativeTarget;
			buildConfigurationList = 4AC1641524A87016000767F3 /* Build configuration list for PBXNativeTarget "HYHActivityIndicatorViewTests" */;
			buildPhases = (
				4AC163FA24A87016000767F3 /* Sources */,
				4AC163FB24A87016000767F3 /* Frameworks */,
				4AC163FC24A87016000767F3 /* Resources */,
			);
			buildRules = (
			);
			dependencies = (
				4AC1640024A87016000767F3 /* PBXTargetDependency */,
			);
			name = HYHActivityIndicatorViewTests;
			productName = HYHActivityIndicatorViewTests;
			productReference = 4AC163FE24A87016000767F3 /* HYHActivityIndicatorViewTests.xctest */;
			productType = "com.apple.product-type.bundle.unit-test";
		};
		4AC1640824A87016000767F3 /* HYHActivityIndicatorViewUITests */ = {
			isa = PBXNativeTarget;
			buildConfigurationList = 4AC1641824A87016000767F3 /* Build configuration list for PBXNativeTarget "HYHActivityIndicatorViewUITests" */;
			buildPhases = (
				4AC1640524A87016000767F3 /* Sources */,
				4AC1640624A87016000767F3 /* Frameworks */,
				4AC1640724A87016000767F3 /* Resources */,
			);
			buildRules = (
			);
			dependencies = (
				4AC1640B24A87016000767F3 /* PBXTargetDependency */,
			);
			name = HYHActivityIndicatorViewUITests;
			productName = HYHActivityIndicatorViewUITests;
			productReference = 4AC1640924A87016000767F3 /* HYHActivityIndicatorViewUITests.xctest */;
			productType = "com.apple.product-type.bundle.ui-testing";
		};
/* End PBXNativeTarget section */

/* Begin PBXProject section */
		4AC163DB24A87014000767F3 /* Project object */ = {
			isa = PBXProject;
			attributes = {
				LastUpgradeCheck = 1150;
				ORGANIZATIONNAME = DangDang;
				TargetAttributes = {
					4AC163E224A87014000767F3 = {
						CreatedOnToolsVersion = 11.5;
					};
					4AC163FD24A87016000767F3 = {
						CreatedOnToolsVersion = 11.5;
						TestTargetID = 4AC163E224A87014000767F3;
					};
					4AC1640824A87016000767F3 = {
						CreatedOnToolsVersion = 11.5;
						TestTargetID = 4AC163E224A87014000767F3;
					};
				};
			};
			buildConfigurationList = 4AC163DE24A87014000767F3 /* Build configuration list for PBXProject "HYHActivityIndicatorView" */;
			compatibilityVersion = "Xcode 9.3";
			developmentRegion = en;
			hasScannedForEncodings = 0;
			knownRegions = (
				en,
				Base,
			);
			mainGroup = 4AC163DA24A87014000767F3;
			productRefGroup = 4AC163E424A87015000767F3 /* Products */;
			projectDirPath = "";
			projectRoot = "";
			targets = (
				4AC163E224A87014000767F3 /* HYHActivityIndicatorView */,
				4AC163FD24A87016000767F3 /* HYHActivityIndicatorViewTests */,
				4AC1640824A87016000767F3 /* HYHActivityIndicatorViewUITests */,
			);
		};
/* End PBXProject section */

/* Begin PBXResourcesBuildPhase section */
		4AC163E124A87014000767F3 /* Resources */ = {
			isa = PBXResourcesBuildPhase;
			buildActionMask = 2147483647;
			files = (
				4AC163F624A87016000767F3 /* LaunchScreen.storyboard in Resources */,
				4AC163F324A87016000767F3 /* Assets.xcassets in Resources */,
				4AC163F124A87015000767F3 /* Main.storyboard in Resources */,
			);
			runOnlyForDeploymentPostprocessing = 0;
		};
		4AC163FC24A87016000767F3 /* Resources */ = {
			isa = PBXResourcesBuildPhase;
			buildActionMask = 2147483647;
			files = (
			);
			runOnlyForDeploymentPostprocessing = 0;
		};
		4AC1640724A87016000767F3 /* Resources */ = {
			isa = PBXResourcesBuildPhase;
			buildActionMask = 2147483647;
			files = (
			);
			runOnlyForDeploymentPostprocessing = 0;
		};
/* End PBXResourcesBuildPhase section */

/* Begin PBXSourcesBuildPhase section */
		4AC163DF24A87014000767F3 /* Sources */ = {
			isa = PBXSourcesBuildPhase;
			buildActionMask = 2147483647;
			files = (
				4AC163EE24A87015000767F3 /* ViewController.m in Sources */,
				4AC163E824A87015000767F3 /* AppDelegate.m in Sources */,
				4AC163F924A87016000767F3 /* main.m in Sources */,
				4AC163EB24A87015000767F3 /* SceneDelegate.m in Sources */,
			);
			runOnlyForDeploymentPostprocessing = 0;
		};
		4AC163FA24A87016000767F3 /* Sources */ = {
			isa = PBXSourcesBuildPhase;
			buildActionMask = 2147483647;
			files = (
				4AC1640324A87016000767F3 /* HYHActivityIndicatorViewTests.m in Sources */,
			);
			runOnlyForDeploymentPostprocessing = 0;
		};
		4AC1640524A87016000767F3 /* Sources */ = {
			isa = PBXSourcesBuildPhase;
			buildActionMask = 2147483647;
			files = (
				4AC1640E24A87016000767F3 /* HYHActivityIndicatorViewUITests.m in Sources */,
			);
			runOnlyForDeploymentPostprocessing = 0;
		};
/* End PBXSourcesBuildPhase section */

/* Begin PBXTargetDependency section */
		4AC1640024A87016000767F3 /* PBXTargetDependency */ = {
			isa = PBXTargetDependency;
			target = 4AC163E224A87014000767F3 /* HYHActivityIndicatorView */;
			targetProxy = 4AC163FF24A87016000767F3 /* PBXContainerItemProxy */;
		};
		4AC1640B24A87016000767F3 /* PBXTargetDependency */ = {
			isa = PBXTargetDependency;
			target = 4AC163E224A87014000767F3 /* HYHActivityIndicatorView */;
			targetProxy = 4AC1640A24A87016000767F3 /* PBXContainerItemProxy */;
		};
/* End PBXTargetDependency section */

/* Begin PBXVariantGroup section */
		4AC163EF24A87015000767F3 /* Main.storyboard */ = {
			isa = PBXVariantGroup;
			children = (
				4AC163F024A87015000767F3 /* Base */,
			);
			name = Main.storyboard;
			sourceTree = "<group>";
		};
		4AC163F424A87016000767F3 /* LaunchScreen.storyboard */ = {
			isa = PBXVariantGroup;
			children = (
				4AC163F524A87016000767F3 /* Base */,
			);
			name = LaunchScreen.storyboard;
			sourceTree = "<group>";
		};
/* End PBXVariantGroup section */

/* Begin XCBuildConfiguration section */
		4AC1641024A87016000767F3 /* Debug */ = {
			isa = XCBuildConfiguration;
			buildSettings = {
				ALWAYS_SEARCH_USER_PATHS = NO;
				CLANG_ANALYZER_NONNULL = YES;
				CLANG_ANALYZER_NUMBER_OBJECT_CONVERSION = YES_AGGRESSIVE;
				CLANG_CXX_LANGUAGE_STANDARD = "gnu++14";
				CLANG_CXX_LIBRARY = "libc++";
				CLANG_ENABLE_MODULES = YES;
				CLANG_ENABLE_OBJC_ARC = YES;
				CLANG_ENABLE_OBJC_WEAK = YES;
				CLANG_WARN_BLOCK_CAPTURE_AUTORELEASING = YES;
				CLANG_WARN_BOOL_CONVERSION = YES;
				CLANG_WARN_COMMA = YES;
				CLANG_WARN_CONSTANT_CONVERSION = YES;
				CLANG_WARN_DEPRECATED_OBJC_IMPLEMENTATIONS = YES;
				CLANG_WARN_DIRECT_OBJC_ISA_USAGE = YES_ERROR;
				CLANG_WARN_DOCUMENTATION_COMMENTS = YES;
				CLANG_WARN_EMPTY_BODY = YES;
				CLANG_WARN_ENUM_CONVERSION = YES;
				CLANG_WARN_INFINITE_RECURSION = YES;
				CLANG_WARN_INT_CONVERSION = YES;
				CLANG_WARN_NON_LITERAL_NULL_CONVERSION = YES;
				CLANG_WARN_OBJC_IMPLICIT_RETAIN_SELF = YES;
				CLANG_WARN_OBJC_LITERAL_CONVERSION = YES;
				CLANG_WARN_OBJC_ROOT_CLASS = YES_ERROR;
				CLANG_WARN_RANGE_LOOP_ANALYSIS = YES;
				CLANG_WARN_STRICT_PROTOTYPES = YES;
				CLANG_WARN_SUSPICIOUS_MOVE = YES;
				CLANG_WARN_UNGUARDED_AVAILABILITY = YES_AGGRESSIVE;
				CLANG_WARN_UNREACHABLE_CODE = YES;
				CLANG_WARN__DUPLICATE_METHOD_MATCH = YES;
				COPY_PHASE_STRIP = NO;
				DEBUG_INFORMATION_FORMAT = dwarf;
				ENABLE_STRICT_OBJC_MSGSEND = YES;
				ENABLE_TESTABILITY = YES;
				GCC_C_LANGUAGE_STANDARD = gnu11;
				GCC_DYNAMIC_NO_PIC = NO;
				GCC_NO_COMMON_BLOCKS = YES;
				GCC_OPTIMIZATION_LEVEL = 0;
				GCC_PREPROCESSOR_DEFINITIONS = (
					"DEBUG=1",
					"$(inherited)",
				);
				GCC_WARN_64_TO_32_BIT_CONVERSION = YES;
				GCC_WARN_ABOUT_RETURN_TYPE = YES_ERROR;
				GCC_WARN_UNDECLARED_SELECTOR = YES;
				GCC_WARN_UNINITIALIZED_AUTOS = YES_AGGRESSIVE;
				GCC_WARN_UNUSED_FUNCTION = YES;
				GCC_WARN_UNUSED_VARIABLE = YES;
				IPHONEOS_DEPLOYMENT_TARGET = 13.5;
				MTL_ENABLE_DEBUG_INFO = INCLUDE_SOURCE;
				MTL_FAST_MATH = YES;
				ONLY_ACTIVE_ARCH = YES;
				SDKROOT = iphoneos;
			};
			name = Debug;
		};
		4AC1641124A87016000767F3 /* Release */ = {
			isa = XCBuildConfiguration;
			buildSettings = {
				ALWAYS_SEARCH_USER_PATHS = NO;
				CLANG_ANALYZER_NONNULL = YES;
				CLANG_ANALYZER_NUMBER_OBJECT_CONVERSION = YES_AGGRESSIVE;
				CLANG_CXX_LANGUAGE_STANDARD = "gnu++14";
				CLANG_CXX_LIBRARY = "libc++";
				CLANG_ENABLE_MODULES = YES;
				CLANG_ENABLE_OBJC_ARC = YES;
				CLANG_ENABLE_OBJC_WEAK = YES;
				CLANG_WARN_BLOCK_CAPTURE_AUTORELEASING = YES;
				CLANG_WARN_BOOL_CONVERSION = YES;
				CLANG_WARN_COMMA = YES;
				CLANG_WARN_CONSTANT_CONVERSION = YES;
				CLANG_WARN_DEPRECATED_OBJC_IMPLEMENTATIONS = YES;
				CLANG_WARN_DIRECT_OBJC_ISA_USAGE = YES_ERROR;
				CLANG_WARN_DOCUMENTATION_COMMENTS = YES;
				CLANG_WARN_EMPTY_BODY = YES;
				CLANG_WARN_ENUM_CONVERSION = YES;
				CLANG_WARN_INFINITE_RECURSION = YES;
				CLANG_WARN_INT_CONVERSION = YES;
				CLANG_WARN_NON_LITERAL_NULL_CONVERSION = YES;
				CLANG_WARN_OBJC_IMPLICIT_RETAIN_SELF = YES;
				CLANG_WARN_OBJC_LITERAL_CONVERSION = YES;
				CLANG_WARN_OBJC_ROOT_CLASS = YES_ERROR;
				CLANG_WARN_RANGE_LOOP_ANALYSIS = YES;
				CLANG_WARN_STRICT_PROTOTYPES = YES;
				CLANG_WARN_SUSPICIOUS_MOVE = YES;
				CLANG_WARN_UNGUARDED_AVAILABILITY = YES_AGGRESSIVE;
				CLANG_WARN_UNREACHABLE_CODE = YES;
				CLANG_WARN__DUPLICATE_METHOD_MATCH = YES;
				COPY_PHASE_STRIP = NO;
				DEBUG_INFORMATION_FORMAT = "dwarf-with-dsym";
				ENABLE_NS_ASSERTIONS = NO;
				ENABLE_STRICT_OBJC_MSGSEND = YES;
				GCC_C_LANGUAGE_STANDARD = gnu11;
				GCC_NO_COMMON_BLOCKS = YES;
				GCC_WARN_64_TO_32_BIT_CONVERSION = YES;
				GCC_WARN_ABOUT_RETURN_TYPE = YES_ERROR;
				GCC_WARN_UNDECLARED_SELECTOR = YES;
				GCC_WARN_UNINITIALIZED_AUTOS = YES_AGGRESSIVE;
				GCC_WARN_UNUSED_FUNCTION = YES;
				GCC_WARN_UNUSED_VARIABLE = YES;
				IPHONEOS_DEPLOYMENT_TARGET = 13.5;
				MTL_ENABLE_DEBUG_INFO = NO;
				MTL_FAST_MATH = YES;
				SDKROOT = iphoneos;
				VALIDATE_PRODUCT = YES;
			};
			name = Release;
		};
		4AC1641324A87016000767F3 /* Debug */ = {
			isa = XCBuildConfiguration;
			buildSettings = {
				ASSETCATALOG_COMPILER_APPICON_NAME = AppIcon;
				CODE_SIGN_STYLE = Automatic;
				INFOPLIST_FILE = HYHActivityIndicatorView/Info.plist;
				LD_RUNPATH_SEARCH_PATHS = (
					"$(inherited)",
					"@executable_path/Frameworks",
				);
				PRODUCT_BUNDLE_IDENTIFIER = com.dangdang.e.HYHActivityIndicatorView;
				PRODUCT_NAME = "$(TARGET_NAME)";
				TARGETED_DEVICE_FAMILY = "1,2";
			};
			name = Debug;
		};
		4AC1641424A87016000767F3 /* Release */ = {
			isa = XCBuildConfiguration;
			buildSettings = {
				ASSETCATALOG_COMPILER_APPICON_NAME = AppIcon;
				CODE_SIGN_STYLE = Automatic;
				INFOPLIST_FILE = HYHActivityIndicatorView/Info.plist;
				LD_RUNPATH_SEARCH_PATHS = (
					"$(inherited)",
					"@executable_path/Frameworks",
				);
				PRODUCT_BUNDLE_IDENTIFIER = com.dangdang.e.HYHActivityIndicatorView;
				PRODUCT_NAME = "$(TARGET_NAME)";
				TARGETED_DEVICE_FAMILY = "1,2";
			};
			name = Release;
		};
		4AC1641624A87016000767F3 /* Debug */ = {
			isa = XCBuildConfiguration;
			buildSettings = {
				BUNDLE_LOADER = "$(TEST_HOST)";
				CODE_SIGN_STYLE = Automatic;
				INFOPLIST_FILE = HYHActivityIndicatorViewTests/Info.plist;
				IPHONEOS_DEPLOYMENT_TARGET = 13.5;
				LD_RUNPATH_SEARCH_PATHS = (
					"$(inherited)",
					"@executable_path/Frameworks",
					"@loader_path/Frameworks",
				);
				PRODUCT_BUNDLE_IDENTIFIER = com.dangdang.e.HYHActivityIndicatorViewTests;
				PRODUCT_NAME = "$(TARGET_NAME)";
				TARGETED_DEVICE_FAMILY = "1,2";
				TEST_HOST = "$(BUILT_PRODUCTS_DIR)/HYHActivityIndicatorView.app/HYHActivityIndicatorView";
			};
			name = Debug;
		};
		4AC1641724A87016000767F3 /* Release */ = {
			isa = XCBuildConfiguration;
			buildSettings = {
				BUNDLE_LOADER = "$(TEST_HOST)";
				CODE_SIGN_STYLE = Automatic;
				INFOPLIST_FILE = HYHActivityIndicatorViewTests/Info.plist;
				IPHONEOS_DEPLOYMENT_TARGET = 13.5;
				LD_RUNPATH_SEARCH_PATHS = (
					"$(inherited)",
					"@executable_path/Frameworks",
					"@loader_path/Frameworks",
				);
				PRODUCT_BUNDLE_IDENTIFIER = com.dangdang.e.HYHActivityIndicatorViewTests;
				PRODUCT_NAME = "$(TARGET_NAME)";
				TARGETED_DEVICE_FAMILY = "1,2";
				TEST_HOST = "$(BUILT_PRODUCTS_DIR)/HYHActivityIndicatorView.app/HYHActivityIndicatorView";
			};
			name = Release;
		};
		4AC1641924A87016000767F3 /* Debug */ = {
			isa = XCBuildConfiguration;
			buildSettings = {
				CODE_SIGN_STYLE = Automatic;
				INFOPLIST_FILE = HYHActivityIndicatorViewUITests/Info.plist;
				LD_RUNPATH_SEARCH_PATHS = (
					"$(inherited)",
					"@executable_path/Frameworks",
					"@loader_path/Frameworks",
				);
				PRODUCT_BUNDLE_IDENTIFIER = com.dangdang.e.HYHActivityIndicatorViewUITests;
				PRODUCT_NAME = "$(TARGET_NAME)";
				TARGETED_DEVICE_FAMILY = "1,2";
				TEST_TARGET_NAME = HYHActivityIndicatorView;
			};
			name = Debug;
		};
		4AC1641A24A87016000767F3 /* Release */ = {
			isa = XCBuildConfiguration;
			buildSettings = {
				CODE_SIGN_STYLE = Automatic;
				INFOPLIST_FILE = HYHActivityIndicatorViewUITests/Info.plist;
				LD_RUNPATH_SEARCH_PATHS = (
					"$(inherited)",
					"@executable_path/Frameworks",
					"@loader_path/Frameworks",
				);
				PRODUCT_BUNDLE_IDENTIFIER = com.dangdang.e.HYHActivityIndicatorViewUITests;
				PRODUCT_NAME = "$(TARGET_NAME)";
				TARGETED_DEVICE_FAMILY = "1,2";
				TEST_TARGET_NAME = HYHActivityIndicatorView;
			};
			name = Release;
		};
/* End XCBuildConfiguration section */

/* Begin XCConfigurationList section */
		4AC163DE24A87014000767F3 /* Build configuration list for PBXProject "HYHActivityIndicatorView" */ = {
			isa = XCConfigurationList;
			buildConfigurations = (
				4AC1641024A87016000767F3 /* Debug */,
				4AC1641124A87016000767F3 /* Release */,
			);
			defaultConfigurationIsVisible = 0;
			defaultConfigurationName = Release;
		};
		4AC1641224A87016000767F3 /* Build configuration list for PBXNativeTarget "HYHActivityIndicatorView" */ = {
			isa = XCConfigurationList;
			buildConfigurations = (
				4AC1641324A87016000767F3 /* Debug */,
				4AC1641424A87016000767F3 /* Release */,
			);
			defaultConfigurationIsVisible = 0;
			defaultConfigurationName = Release;
		};
		4AC1641524A87016000767F3 /* Build configuration list for PBXNativeTarget "HYHActivityIndicatorViewTests" */ = {
			isa = XCConfigurationList;
			buildConfigurations = (
				4AC1641624A87016000767F3 /* Debug */,
				4AC1641724A87016000767F3 /* Release */,
			);
			defaultConfigurationIsVisible = 0;
			defaultConfigurationName = Release;
		};
		4AC1641824A87016000767F3 /* Build configuration list for PBXNativeTarget "HYHActivityIndicatorViewUITests" */ = {
			isa = XCConfigurationList;
			buildConfigurations = (
				4AC1641924A87016000767F3 /* Debug */,
				4AC1641A24A87016000767F3 /* Release */,
			);
			defaultConfigurationIsVisible = 0;
			defaultConfigurationName = Release;
		};
/* End XCConfigurationList section */
	};
	rootObject = 4AC163DB24A87014000767F3 /* Project object */;
}
